
Microsoft Visual Studio Solution File, Format Version 12.00
# Visual Studio Version 16
VisualStudioVersion = 16.0.31729.503
MinimumVisualStudioVersion = 10.0.40219.1
Project("{FAE04EC0-301F-11D3-BF4B-00C04F79EFBC}") = "Factory-Method", "Factory-Method\Factory-Method.csproj", "{630A3E14-8760-4B2C-B511-1EC0A9EF382F}"
EndProject
Project("{FAE04EC0-301F-11D3-BF4B-00C04F79EFBC}") = "Prototype", "Prototype\Prototype.csproj", "{14BE12BD-BDF6-4522-9EE2-5819147AEA4D}"
EndProject
Global
	GlobalSection(SolutionConfigurationPlatforms) = preSolution
		Debug|Any CPU = Debug|Any CPU
		Release|Any CPU = Release|Any CPU
	EndGlobalSection
	GlobalSection(ProjectConfigurationPlatforms) = postSolution
		{630A3E14-8760-4B2C-B511-1EC0A9EF382F}.Debug|Any CPU.ActiveCfg = Debug|Any CPU
		{630A3E14-8760-4B2C-B511-1EC0A9EF382F}.Debug|Any CPU.Build.0 = Debug|Any CPU
		{630A3E14-8760-4B2C-B511-1EC0A9EF382F}.Release|Any CPU.ActiveCfg = Release|Any CPU
		{630A3E14-8760-4B2C-B511-1EC0A9EF382F}.Release|Any CPU.Build.0 = Release|Any CPU
		{14BE12BD-BDF6-4522-9EE2-5819147AEA4D}.Debug|Any CPU.ActiveCfg = Debug|Any CPU
		{14BE12BD-BDF6-4522-9EE2-5819147AEA4D}.Debug|Any CPU.Build.0 = Debug|Any CPU
		{14BE12BD-BDF6-4522-9EE2-5819147AEA4D}.Release|Any CPU.ActiveCfg = Release|Any CPU
		{14BE12BD-BDF6-4522-9EE2-5819147AEA4D}.Release|Any CPU.Build.0 = Release|Any CPU
	EndGlobalSection
	GlobalSection(SolutionProperties) = preSolution
		HideSolutionNode = FALSE
	EndGlobalSection
	GlobalSection(ExtensibilityGlobals) = postSolution
		SolutionGuid = {ACDE42F4-CFBB-4CA3-8DB1-C28C4DA39430}
	EndGlobalSection
EndGlobal
