
Microsoft Visual Studio Solution File, Format Version 12.00
# Visual Studio Version 16
VisualStudioVersion = 16.0.31729.503
MinimumVisualStudioVersion = 10.0.40219.1
Project("{9A19103F-16F7-4668-BE54-9A1E7A4F7556}") = "Chain of Responsibility", "Chain of Responsibility\Chain of Responsibility.csproj", "{7202E93E-EA66-42BD-BAB3-E0AEE9EF0AA0}"
EndProject
Project("{FAE04EC0-301F-11D3-BF4B-00C04F79EFBC}") = "Command", "Command\Command.csproj", "{245742C1-832D-4F7B-9124-C9D9DF2030D5}"
EndProject
Global
	GlobalSection(SolutionConfigurationPlatforms) = preSolution
		Debug|Any CPU = Debug|Any CPU
		Release|Any CPU = Release|Any CPU
	EndGlobalSection
	GlobalSection(ProjectConfigurationPlatforms) = postSolution
		{7202E93E-EA66-42BD-BAB3-E0AEE9EF0AA0}.Debug|Any CPU.ActiveCfg = Debug|Any CPU
		{7202E93E-EA66-42BD-BAB3-E0AEE9EF0AA0}.Debug|Any CPU.Build.0 = Debug|Any CPU
		{7202E93E-EA66-42BD-BAB3-E0AEE9EF0AA0}.Release|Any CPU.ActiveCfg = Release|Any CPU
		{7202E93E-EA66-42BD-BAB3-E0AEE9EF0AA0}.Release|Any CPU.Build.0 = Release|Any CPU
		{245742C1-832D-4F7B-9124-C9D9DF2030D5}.Debug|Any CPU.ActiveCfg = Debug|Any CPU
		{245742C1-832D-4F7B-9124-C9D9DF2030D5}.Debug|Any CPU.Build.0 = Debug|Any CPU
		{245742C1-832D-4F7B-9124-C9D9DF2030D5}.Release|Any CPU.ActiveCfg = Release|Any CPU
		{245742C1-832D-4F7B-9124-C9D9DF2030D5}.Release|Any CPU.Build.0 = Release|Any CPU
	EndGlobalSection
	GlobalSection(SolutionProperties) = preSolution
		HideSolutionNode = FALSE
	EndGlobalSection
	GlobalSection(ExtensibilityGlobals) = postSolution
		SolutionGuid = {ACDE42F4-CFBB-4CA3-8DB1-C28C4DA39430}
	EndGlobalSection
EndGlobal
